
Microsoft Visual Studio Solution File, Format Version 12.00
# Visual Studio Version 17
VisualStudioVersion = 17.3.32804.467
MinimumVisualStudioVersion = 10.0.40219.1
Project("{9A19103F-16F7-4668-BE54-9A1E7A4F7556}") = "NConstrictor", "NConstrictor\NConstrictor.csproj", "{5C65D105-9B9E-4DF4-8ACE-518F9AFAD324}"
EndProject
Project("{FAE04EC0-301F-11D3-BF4B-00C04F79EFBC}") = "NConstrictorSample", "NConstrictorSample\NConstrictorSample.csproj", "{0471ABB6-F2EF-44BE-80D9-ED6941476F58}"
EndProject
Global
	GlobalSection(SolutionConfigurationPlatforms) = preSolution
		Debug|Any CPU = Debug|Any CPU
		Release|Any CPU = Release|Any CPU
	EndGlobalSection
	GlobalSection(ProjectConfigurationPlatforms) = postSolution
		{5C65D105-9B9E-4DF4-8ACE-518F9AFAD324}.Debug|Any CPU.ActiveCfg = Debug|Any CPU
		{5C65D105-9B9E-4DF4-8ACE-518F9AFAD324}.Debug|Any CPU.Build.0 = Debug|Any CPU
		{5C65D105-9B9E-4DF4-8ACE-518F9AFAD324}.Release|Any CPU.ActiveCfg = Release|Any CPU
		{5C65D105-9B9E-4DF4-8ACE-518F9AFAD324}.Release|Any CPU.Build.0 = Release|Any CPU
		{0471ABB6-F2EF-44BE-80D9-ED6941476F58}.Debug|Any CPU.ActiveCfg = Debug|Any CPU
		{0471ABB6-F2EF-44BE-80D9-ED6941476F58}.Debug|Any CPU.Build.0 = Debug|Any CPU
		{0471ABB6-F2EF-44BE-80D9-ED6941476F58}.Release|Any CPU.ActiveCfg = Release|Any CPU
		{0471ABB6-F2EF-44BE-80D9-ED6941476F58}.Release|Any CPU.Build.0 = Release|Any CPU
	EndGlobalSection
	GlobalSection(SolutionProperties) = preSolution
		HideSolutionNode = FALSE
	EndGlobalSection
	GlobalSection(ExtensibilityGlobals) = postSolution
		SolutionGuid = {C98F7A74-598D-47A6-B60E-F3844B45F626}
	EndGlobalSection
EndGlobal
